
Microsoft Visual Studio Solution File, Format Version 12.00
# Visual Studio 2012
Project("{FAE04EC0-301F-11D3-BF4B-00C04F79EFBC}") = "YourForum.Web", "YourForum.Web\YourForum.Web.csproj", "{C4636945-32BF-402D-8621-8161469D669B}"
EndProject
Global
	GlobalSection(SolutionConfigurationPlatforms) = preSolution
		Debug|Any CPU = Debug|Any CPU
		Release|Any CPU = Release|Any CPU
	EndGlobalSection
	GlobalSection(ProjectConfigurationPlatforms) = postSolution
		{C4636945-32BF-402D-8621-8161469D669B}.Debug|Any CPU.ActiveCfg = Debug|Any CPU
		{C4636945-32BF-402D-8621-8161469D669B}.Debug|Any CPU.Build.0 = Debug|Any CPU
		{C4636945-32BF-402D-8621-8161469D669B}.Release|Any CPU.ActiveCfg = Release|Any CPU
		{C4636945-32BF-402D-8621-8161469D669B}.Release|Any CPU.Build.0 = Release|Any CPU
	EndGlobalSection
EndGlobal
